// !$*UTF8*$!
{
	archiveVersion = 1;
	classes = {
	};
	objectVersion = 48;
	objects = {

/* Begin PBXBuildFile section */
		786674D5200364780066AB1D /* AppDelegate.m in Sources */ = {isa = PBXBuildFile; fileRef = 786674D4200364780066AB1D /* AppDelegate.m */; };
		786674D8200364780066AB1D /* ViewController.m in Sources */ = {isa = PBXBuildFile; fileRef = 786674D7200364780066AB1D /* ViewController.m */; };
		786674DB200364780066AB1D /* Main.storyboard in Resources */ = {isa = PBXBuildFile; fileRef = 786674D9200364780066AB1D /* Main.storyboard */; };
		786674DD200364780066AB1D /* Assets.xcassets in Resources */ = {isa = PBXBuildFile; fileRef = 786674DC200364780066AB1D /* Assets.xcassets */; };
		786674E0200364780066AB1D /* LaunchScreen.storyboard in Resources */ = {isa = PBXBuildFile; fileRef = 786674DE200364780066AB1D /* LaunchScreen.storyboard */; };
		786674E3200364780066AB1D /* main.m in Sources */ = {isa = PBXBuildFile; fileRef = 786674E2200364780066AB1D /* main.m */; };
		786674ED200364780066AB1D /* CalculatorDemoTests.m in Sources */ = {isa = PBXBuildFile; fileRef = 786674EC200364780066AB1D /* CalculatorDemoTests.m */; };
		786674F8200364780066AB1D /* CalculatorDemoUITests.m in Sources */ = {isa = PBXBuildFile; fileRef = 786674F7200364780066AB1D /* CalculatorDemoUITests.m */; };
		78D73AA720045DF900682944 /* Calculator.m in Sources */ = {isa = PBXBuildFile; fileRef = 78D73AA620045DF900682944 /* Calculator.m */; };
/* End PBXBuildFile section */

/* Begin PBXContainerItemProxy section */
		786674E9200364780066AB1D /* PBXContainerItemProxy */ = {
			isa = PBXContainerItemProxy;
			containerPortal = 786674C8200364780066AB1D /* Project object */;
			proxyType = 1;
			remoteGlobalIDString = 786674CF200364780066AB1D;
			remoteInfo = CalculatorDemo;
		};
		786674F4200364780066AB1D /* PBXContainerItemProxy */ = {
			isa = PBXContainerItemProxy;
			containerPortal = 786674C8200364780066AB1D /* Project object */;
			proxyType = 1;
			remoteGlobalIDString = 786674CF200364780066AB1D;
			remoteInfo = CalculatorDemo;
		};
/* End PBXContainerItemProxy section */

/* Begin PBXFileReference section */
		786674D0200364780066AB1D /* CalculatorDemo.app */ = {isa = PBXFileReference; explicitFileType = wrapper.application; includeInIndex = 0; path = CalculatorDemo.app; sourceTree = BUILT_PRODUCTS_DIR; };
		786674D3200364780066AB1D /* AppDelegate.h */ = {isa = PBXFileReference; lastKnownFileType = sourcecode.c.h; path = AppDelegate.h; sourceTree = "<group>"; };
		786674D4200364780066AB1D /* AppDelegate.m */ = {isa = PBXFileReference; lastKnownFileType = sourcecode.c.objc; path = AppDelegate.m; sourceTree = "<group>"; };
		786674D6200364780066AB1D /* ViewController.h */ = {isa = PBXFileReference; lastKnownFileType = sourcecode.c.h; path = ViewController.h; sourceTree = "<group>"; };
		786674D7200364780066AB1D /* ViewController.m */ = {isa = PBXFileReference; lastKnownFileType = sourcecode.c.objc; path = ViewController.m; sourceTree = "<group>"; };
		786674DA200364780066AB1D /* Base */ = {isa = PBXFileReference; lastKnownFileType = file.storyboard; name = Base; path = Base.lproj/Main.storyboard; sourceTree = "<group>"; };
		786674DC200364780066AB1D /* Assets.xcassets */ = {isa = PBXFileReference; lastKnownFileType = folder.assetcatalog; path = Assets.xcassets; sourceTree = "<group>"; };
		786674DF200364780066AB1D /* Base */ = {isa = PBXFileReference; lastKnownFileType = file.storyboard; name = Base; path = Base.lproj/LaunchScreen.storyboard; sourceTree = "<group>"; };
		786674E1200364780066AB1D /* Info.plist */ = {isa = PBXFileReference; lastKnownFileType = text.plist.xml; path = Info.plist; sourceTree = "<group>"; };
		786674E2200364780066AB1D /* main.m */ = {isa = PBXFileReference; lastKnownFileType = sourcecode.c.objc; path = main.m; sourceTree = "<group>"; };
		786674E8200364780066AB1D /* CalculatorDemoTests.xctest */ = {isa = PBXFileReference; explicitFileType = wrapper.cfbundle; includeInIndex = 0; path = CalculatorDemoTests.xctest; sourceTree = BUILT_PRODUCTS_DIR; };
		786674EC200364780066AB1D /* CalculatorDemoTests.m */ = {isa = PBXFileReference; lastKnownFileType = sourcecode.c.objc; path = CalculatorDemoTests.m; sourceTree = "<group>"; };
		786674EE200364780066AB1D /* Info.plist */ = {isa = PBXFileReference; lastKnownFileType = text.plist.xml; path = Info.plist; sourceTree = "<group>"; };
		786674F3200364780066AB1D /* CalculatorDemoUITests.xctest */ = {isa = PBXFileReference; explicitFileType = wrapper.cfbundle; includeInIndex = 0; path = CalculatorDemoUITests.xctest; sourceTree = BUILT_PRODUCTS_DIR; };
		786674F7200364780066AB1D /* CalculatorDemoUITests.m */ = {isa = PBXFileReference; lastKnownFileType = sourcecode.c.objc; path = CalculatorDemoUITests.m; sourceTree = "<group>"; };
		786674F9200364780066AB1D /* Info.plist */ = {isa = PBXFileReference; lastKnownFileType = text.plist.xml; path = Info.plist; sourceTree = "<group>"; };
		78D73AA520045DF900682944 /* Calculator.h */ = {isa = PBXFileReference; lastKnownFileType = sourcecode.c.h; path = Calculator.h; sourceTree = "<group>"; };
		78D73AA620045DF900682944 /* Calculator.m */ = {isa = PBXFileReference; lastKnownFileType = sourcecode.c.objc; path = Calculator.m; sourceTree = "<group>"; };
/* End PBXFileReference section */

/* Begin PBXFrameworksBuildPhase section */
		786674CD200364780066AB1D /* Frameworks */ = {
			isa = PBXFrameworksBuildPhase;
			buildActionMask = 2147483647;
			files = (
			);
			runOnlyForDeploymentPostprocessing = 0;
		};
		786674E5200364780066AB1D /* Frameworks */ = {
			isa = PBXFrameworksBuildPhase;
			buildActionMask = 2147483647;
			files = (
			);
			runOnlyForDeploymentPostprocessing = 0;
		};
		786674F0200364780066AB1D /* Frameworks */ = {
			isa = PBXFrameworksBuildPhase;
			buildActionMask = 2147483647;
			files = (
			);
			runOnlyForDeploymentPostprocessing = 0;
		};
/* End PBXFrameworksBuildPhase section */

/* Begin PBXGroup section */
		786674C7200364780066AB1D = {
			isa = PBXGroup;
			children = (
				786674D2200364780066AB1D /* CalculatorDemo */,
				786674EB200364780066AB1D /* CalculatorDemoTests */,
				786674F6200364780066AB1D /* CalculatorDemoUITests */,
				786674D1200364780066AB1D /* Products */,
			);
			sourceTree = "<group>";
		};
		786674D1200364780066AB1D /* Products */ = {
			isa = PBXGroup;
			children = (
				786674D0200364780066AB1D /* CalculatorDemo.app */,
				786674E8200364780066AB1D /* CalculatorDemoTests.xctest */,
				786674F3200364780066AB1D /* CalculatorDemoUITests.xctest */,
			);
			name = Products;
			sourceTree = "<group>";
		};
		786674D2200364780066AB1D /* CalculatorDemo */ = {
			isa = PBXGroup;
			children = (
				786674D3200364780066AB1D /* AppDelegate.h */,
				786674D4200364780066AB1D /* AppDelegate.m */,
				786674D6200364780066AB1D /* ViewController.h */,
				786674D7200364780066AB1D /* ViewController.m */,
				78D73AA520045DF900682944 /* Calculator.h */,
				78D73AA620045DF900682944 /* Calculator.m */,
				786674D9200364780066AB1D /* Main.storyboard */,
				786674DC200364780066AB1D /* Assets.xcassets */,
				786674DE200364780066AB1D /* LaunchScreen.storyboard */,
				786674E1200364780066AB1D /* Info.plist */,
				786674E2200364780066AB1D /* main.m */,
			);
			path = CalculatorDemo;
			sourceTree = "<group>";
		};
		786674EB200364780066AB1D /* CalculatorDemoTests */ = {
			isa = PBXGroup;
			children = (
				786674EC200364780066AB1D /* CalculatorDemoTests.m */,
				786674EE200364780066AB1D /* Info.plist */,
			);
			path = CalculatorDemoTests;
			sourceTree = "<group>";
		};
		786674F6200364780066AB1D /* CalculatorDemoUITests */ = {
			isa = PBXGroup;
			children = (
				786674F7200364780066AB1D /* CalculatorDemoUITests.m */,
				786674F9200364780066AB1D /* Info.plist */,
			);
			path = CalculatorDemoUITests;
			sourceTree = "<group>";
		};
/* End PBXGroup section */

/* Begin PBXNativeTarget section */
		786674CF200364780066AB1D /* CalculatorDemo */ = {
			isa = PBXNativeTarget;
			buildConfigurationList = 786674FC200364780066AB1D /* Build configuration list for PBXNativeTarget "CalculatorDemo" */;
			buildPhases = (
				786674CC200364780066AB1D /* Sources */,
				786674CD200364780066AB1D /* Frameworks */,
				786674CE200364780066AB1D /* Resources */,
			);
			buildRules = (
			);
			dependencies = (
			);
			name = CalculatorDemo;
			productName = CalculatorDemo;
			productReference = 786674D0200364780066AB1D /* CalculatorDemo.app */;
			productType = "com.apple.product-type.application";
		};
		786674E7200364780066AB1D /* CalculatorDemoTests */ = {
			isa = PBXNativeTarget;
			buildConfigurationList = 786674FF200364780066AB1D /* Build configuration list for PBXNativeTarget "CalculatorDemoTests" */;
			buildPhases = (
				786674E4200364780066AB1D /* Sources */,
				786674E5200364780066AB1D /* Frameworks */,
				786674E6200364780066AB1D /* Resources */,
			);
			buildRules = (
			);
			dependencies = (
				786674EA200364780066AB1D /* PBXTargetDependency */,
			);
			name = CalculatorDemoTests;
			productName = CalculatorDemoTests;
			productReference = 786674E8200364780066AB1D /* CalculatorDemoTests.xctest */;
			productType = "com.apple.product-type.bundle.unit-test";
		};
		786674F2200364780066AB1D /* CalculatorDemoUITests */ = {
			isa = PBXNativeTarget;
			buildConfigurationList = 78667502200364780066AB1D /* Build configuration list for PBXNativeTarget "CalculatorDemoUITests" */;
			buildPhases = (
				786674EF200364780066AB1D /* Sources */,
				786674F0200364780066AB1D /* Frameworks */,
				786674F1200364780066AB1D /* Resources */,
			);
			buildRules = (
			);
			dependencies = (
				786674F5200364780066AB1D /* PBXTargetDependency */,
			);
			name = CalculatorDemoUITests;
			productName = CalculatorDemoUITests;
			productReference = 786674F3200364780066AB1D /* CalculatorDemoUITests.xctest */;
			productType = "com.apple.product-type.bundle.ui-testing";
		};
/* End PBXNativeTarget section */

/* Begin PBXProject section */
		786674C8200364780066AB1D /* Project object */ = {
			isa = PBXProject;
			attributes = {
				LastUpgradeCheck = 0920;
				ORGANIZATIONNAME = Podul;
				TargetAttributes = {
					786674CF200364780066AB1D = {
						CreatedOnToolsVersion = 9.2;
						ProvisioningStyle = Automatic;
					};
					786674E7200364780066AB1D = {
						CreatedOnToolsVersion = 9.2;
						ProvisioningStyle = Automatic;
						TestTargetID = 786674CF200364780066AB1D;
					};
					786674F2200364780066AB1D = {
						CreatedOnToolsVersion = 9.2;
						ProvisioningStyle = Automatic;
						TestTargetID = 786674CF200364780066AB1D;
					};
				};
			};
			buildConfigurationList = 786674CB200364780066AB1D /* Build configuration list for PBXProject "CalculatorDemo" */;
			compatibilityVersion = "Xcode 8.0";
			developmentRegion = en;
			hasScannedForEncodings = 0;
			knownRegions = (
				en,
				Base,
			);
			mainGroup = 786674C7200364780066AB1D;
			productRefGroup = 786674D1200364780066AB1D /* Products */;
			projectDirPath = "";
			projectRoot = "";
			targets = (
				786674CF200364780066AB1D /* CalculatorDemo */,
				786674E7200364780066AB1D /* CalculatorDemoTests */,
				786674F2200364780066AB1D /* CalculatorDemoUITests */,
			);
		};
/* End PBXProject section */

/* Begin PBXResourcesBuildPhase section */
		786674CE200364780066AB1D /* Resources */ = {
			isa = PBXResourcesBuildPhase;
			buildActionMask = 2147483647;
			files = (
				786674E0200364780066AB1D /* LaunchScreen.storyboard in Resources */,
				786674DD200364780066AB1D /* Assets.xcassets in Resources */,
				786674DB200364780066AB1D /* Main.storyboard in Resources */,
			);
			runOnlyForDeploymentPostprocessing = 0;
		};
		786674E6200364780066AB1D /* Resources */ = {
			isa = PBXResourcesBuildPhase;
			buildActionMask = 2147483647;
			files = (
			);
			runOnlyForDeploymentPostprocessing = 0;
		};
		786674F1200364780066AB1D /* Resources */ = {
			isa = PBXResourcesBuildPhase;
			buildActionMask = 2147483647;
			files = (
			);
			runOnlyForDeploymentPostprocessing = 0;
		};
/* End PBXResourcesBuildPhase section */

/* Begin PBXSourcesBuildPhase section */
		786674CC200364780066AB1D /* Sources */ = {
			isa = PBXSourcesBuildPhase;
			buildActionMask = 2147483647;
			files = (
				786674D8200364780066AB1D /* ViewController.m in Sources */,
				78D73AA720045DF900682944 /* Calculator.m in Sources */,
				786674E3200364780066AB1D /* main.m in Sources */,
				786674D5200364780066AB1D /* AppDelegate.m in Sources */,
			);
			runOnlyForDeploymentPostprocessing = 0;
		};
		786674E4200364780066AB1D /* Sources */ = {
			isa = PBXSourcesBuildPhase;
			buildActionMask = 2147483647;
			files = (
				786674ED200364780066AB1D /* CalculatorDemoTests.m in Sources */,
			);
			runOnlyForDeploymentPostprocessing = 0;
		};
		786674EF200364780066AB1D /* Sources */ = {
			isa = PBXSourcesBuildPhase;
			buildActionMask = 2147483647;
			files = (
				786674F8200364780066AB1D /* CalculatorDemoUITests.m in Sources */,
			);
			runOnlyForDeploymentPostprocessing = 0;
		};
/* End PBXSourcesBuildPhase section */

/* Begin PBXTargetDependency section */
		786674EA200364780066AB1D /* PBXTargetDependency */ = {
			isa = PBXTargetDependency;
			target = 786674CF200364780066AB1D /* CalculatorDemo */;
			targetProxy = 786674E9200364780066AB1D /* PBXContainerItemProxy */;
		};
		786674F5200364780066AB1D /* PBXTargetDependency */ = {
			isa = PBXTargetDependency;
			target = 786674CF200364780066AB1D /* CalculatorDemo */;
			targetProxy = 786674F4200364780066AB1D /* PBXContainerItemProxy */;
		};
/* End PBXTargetDependency section */

/* Begin PBXVariantGroup section */
		786674D9200364780066AB1D /* Main.storyboard */ = {
			isa = PBXVariantGroup;
			children = (
				786674DA200364780066AB1D /* Base */,
			);
			name = Main.storyboard;
			sourceTree = "<group>";
		};
		786674DE200364780066AB1D /* LaunchScreen.storyboard */ = {
			isa = PBXVariantGroup;
			children = (
				786674DF200364780066AB1D /* Base */,
			);
			name = LaunchScreen.storyboard;
			sourceTree = "<group>";
		};
/* End PBXVariantGroup section */

/* Begin XCBuildConfiguration section */
		786674FA200364780066AB1D /* Debug */ = {
			isa = XCBuildConfiguration;
			buildSettings = {
				ALWAYS_SEARCH_USER_PATHS = NO;
				CLANG_ANALYZER_NONNULL = YES;
				CLANG_ANALYZER_NUMBER_OBJECT_CONVERSION = YES_AGGRESSIVE;
				CLANG_CXX_LANGUAGE_STANDARD = "gnu++14";
				CLANG_CXX_LIBRARY = "libc++";
				CLANG_ENABLE_MODULES = YES;
				CLANG_ENABLE_OBJC_ARC = YES;
				CLANG_WARN_BLOCK_CAPTURE_AUTORELEASING = YES;
				CLANG_WARN_BOOL_CONVERSION = YES;
				CLANG_WARN_COMMA = YES;
				CLANG_WARN_CONSTANT_CONVERSION = YES;
				CLANG_WARN_DIRECT_OBJC_ISA_USAGE = YES_ERROR;
				CLANG_WARN_DOCUMENTATION_COMMENTS = YES;
				CLANG_WARN_EMPTY_BODY = YES;
				CLANG_WARN_ENUM_CONVERSION = YES;
				CLANG_WARN_INFINITE_RECURSION = YES;
				CLANG_WARN_INT_CONVERSION = YES;
				CLANG_WARN_NON_LITERAL_NULL_CONVERSION = YES;
				CLANG_WARN_OBJC_LITERAL_CONVERSION = YES;
				CLANG_WARN_OBJC_ROOT_CLASS = YES_ERROR;
				CLANG_WARN_RANGE_LOOP_ANALYSIS = YES;
				CLANG_WARN_STRICT_PROTOTYPES = YES;
				CLANG_WARN_SUSPICIOUS_MOVE = YES;
				CLANG_WARN_UNGUARDED_AVAILABILITY = YES_AGGRESSIVE;
				CLANG_WARN_UNREACHABLE_CODE = YES;
				CLANG_WARN__DUPLICATE_METHOD_MATCH = YES;
				CODE_SIGN_IDENTITY = "iPhone Developer";
				COPY_PHASE_STRIP = NO;
				DEBUG_INFORMATION_FORMAT = dwarf;
				ENABLE_STRICT_OBJC_MSGSEND = YES;
				ENABLE_TESTABILITY = YES;
				GCC_C_LANGUAGE_STANDARD = gnu11;
				GCC_DYNAMIC_NO_PIC = NO;
				GCC_NO_COMMON_BLOCKS = YES;
				GCC_OPTIMIZATION_LEVEL = 0;
				GCC_PREPROCESSOR_DEFINITIONS = (
					"DEBUG=1",
					"$(inherited)",
				);
				GCC_WARN_64_TO_32_BIT_CONVERSION = YES;
				GCC_WARN_ABOUT_RETURN_TYPE = YES_ERROR;
				GCC_WARN_UNDECLARED_SELECTOR = YES;
				GCC_WARN_UNINITIALIZED_AUTOS = YES_AGGRESSIVE;
				GCC_WARN_UNUSED_FUNCTION = YES;
				GCC_WARN_UNUSED_VARIABLE = YES;
				IPHONEOS_DEPLOYMENT_TARGET = 11.2;
				MTL_ENABLE_DEBUG_INFO = YES;
				ONLY_ACTIVE_ARCH = YES;
				SDKROOT = iphoneos;
			};
			name = Debug;
		};
		786674FB200364780066AB1D /* Release */ = {
			isa = XCBuildConfiguration;
			buildSettings = {
				ALWAYS_SEARCH_USER_PATHS = NO;
				CLANG_ANALYZER_NONNULL = YES;
				CLANG_ANALYZER_NUMBER_OBJECT_CONVERSION = YES_AGGRESSIVE;
				CLANG_CXX_LANGUAGE_STANDARD = "gnu++14";
				CLANG_CXX_LIBRARY = "libc++";
				CLANG_ENABLE_MODULES = YES;
				CLANG_ENABLE_OBJC_ARC = YES;
				CLANG_WARN_BLOCK_CAPTURE_AUTORELEASING = YES;
				CLANG_WARN_BOOL_CONVERSION = YES;
				CLANG_WARN_COMMA = YES;
				CLANG_WARN_CONSTANT_CONVERSION = YES;
				CLANG_WARN_DIRECT_OBJC_ISA_USAGE = YES_ERROR;
				CLANG_WARN_DOCUMENTATION_COMMENTS = YES;
				CLANG_WARN_EMPTY_BODY = YES;
				CLANG_WARN_ENUM_CONVERSION = YES;
				CLANG_WARN_INFINITE_RECURSION = YES;
				CLANG_WARN_INT_CONVERSION = YES;
				CLANG_WARN_NON_LITERAL_NULL_CONVERSION = YES;
				CLANG_WARN_OBJC_LITERAL_CONVERSION = YES;
				CLANG_WARN_OBJC_ROOT_CLASS = YES_ERROR;
				CLANG_WARN_RANGE_LOOP_ANALYSIS = YES;
				CLANG_WARN_STRICT_PROTOTYPES = YES;
				CLANG_WARN_SUSPICIOUS_MOVE = YES;
				CLANG_WARN_UNGUARDED_AVAILABILITY = YES_AGGRESSIVE;
				CLANG_WARN_UNREACHABLE_CODE = YES;
				CLANG_WARN__DUPLICATE_METHOD_MATCH = YES;
				CODE_SIGN_IDENTITY = "iPhone Developer";
				COPY_PHASE_STRIP = NO;
				DEBUG_INFORMATION_FORMAT = "dwarf-with-dsym";
				ENABLE_NS_ASSERTIONS = NO;
				ENABLE_STRICT_OBJC_MSGSEND = YES;
				GCC_C_LANGUAGE_STANDARD = gnu11;
				GCC_NO_COMMON_BLOCKS = YES;
				GCC_WARN_64_TO_32_BIT_CONVERSION = YES;
				GCC_WARN_ABOUT_RETURN_TYPE = YES_ERROR;
				GCC_WARN_UNDECLARED_SELECTOR = YES;
				GCC_WARN_UNINITIALIZED_AUTOS = YES_AGGRESSIVE;
				GCC_WARN_UNUSED_FUNCTION = YES;
				GCC_WARN_UNUSED_VARIABLE = YES;
				IPHONEOS_DEPLOYMENT_TARGET = 11.2;
				MTL_ENABLE_DEBUG_INFO = NO;
				SDKROOT = iphoneos;
				VALIDATE_PRODUCT = YES;
			};
			name = Release;
		};
		786674FD200364780066AB1D /* Debug */ = {
			isa = XCBuildConfiguration;
			buildSettings = {
				ASSETCATALOG_COMPILER_APPICON_NAME = AppIcon;
				CODE_SIGN_STYLE = Automatic;
				INFOPLIST_FILE = CalculatorDemo/Info.plist;
				LD_RUNPATH_SEARCH_PATHS = "$(inherited) @executable_path/Frameworks";
				PRODUCT_BUNDLE_IDENTIFIER = com.podul.CalculatorDemo;
				PRODUCT_NAME = "$(TARGET_NAME)";
				TARGETED_DEVICE_FAMILY = "1,2";
			};
			name = Debug;
		};
		786674FE200364780066AB1D /* Release */ = {
			isa = XCBuildConfiguration;
			buildSettings = {
				ASSETCATALOG_COMPILER_APPICON_NAME = AppIcon;
				CODE_SIGN_STYLE = Automatic;
				INFOPLIST_FILE = CalculatorDemo/Info.plist;
				LD_RUNPATH_SEARCH_PATHS = "$(inherited) @executable_path/Frameworks";
				PRODUCT_BUNDLE_IDENTIFIER = com.podul.CalculatorDemo;
				PRODUCT_NAME = "$(TARGET_NAME)";
				TARGETED_DEVICE_FAMILY = "1,2";
			};
			name = Release;
		};
		78667500200364780066AB1D /* Debug */ = {
			isa = XCBuildConfiguration;
			buildSettings = {
				BUNDLE_LOADER = "$(TEST_HOST)";
				CODE_SIGN_STYLE = Automatic;
				INFOPLIST_FILE = CalculatorDemoTests/Info.plist;
				LD_RUNPATH_SEARCH_PATHS = "$(inherited) @executable_path/Frameworks @loader_path/Frameworks";
				PRODUCT_BUNDLE_IDENTIFIER = com.podul.CalculatorDemoTests;
				PRODUCT_NAME = "$(TARGET_NAME)";
				TARGETED_DEVICE_FAMILY = "1,2";
				TEST_HOST = "$(BUILT_PRODUCTS_DIR)/CalculatorDemo.app/CalculatorDemo";
			};
			name = Debug;
		};
		78667501200364780066AB1D /* Release */ = {
			isa = XCBuildConfiguration;
			buildSettings = {
				BUNDLE_LOADER = "$(TEST_HOST)";
				CODE_SIGN_STYLE = Automatic;
				INFOPLIST_FILE = CalculatorDemoTests/Info.plist;
				LD_RUNPATH_SEARCH_PATHS = "$(inherited) @executable_path/Frameworks @loader_path/Frameworks";
				PRODUCT_BUNDLE_IDENTIFIER = com.podul.CalculatorDemoTests;
				PRODUCT_NAME = "$(TARGET_NAME)";
				TARGETED_DEVICE_FAMILY = "1,2";
				TEST_HOST = "$(BUILT_PRODUCTS_DIR)/CalculatorDemo.app/CalculatorDemo";
			};
			name = Release;
		};
		78667503200364780066AB1D /* Debug */ = {
			isa = XCBuildConfiguration;
			buildSettings = {
				CODE_SIGN_STYLE = Automatic;
				INFOPLIST_FILE = CalculatorDemoUITests/Info.plist;
				LD_RUNPATH_SEARCH_PATHS = "$(inherited) @executable_path/Frameworks @loader_path/Frameworks";
				PRODUCT_BUNDLE_IDENTIFIER = com.podul.CalculatorDemoUITests;
				PRODUCT_NAME = "$(TARGET_NAME)";
				TARGETED_DEVICE_FAMILY = "1,2";
				TEST_TARGET_NAME = CalculatorDemo;
			};
			name = Debug;
		};
		78667504200364780066AB1D /* Release */ = {
			isa = XCBuildConfiguration;
			buildSettings = {
				CODE_SIGN_STYLE = Automatic;
				INFOPLIST_FILE = CalculatorDemoUITests/Info.plist;
				LD_RUNPATH_SEARCH_PATHS = "$(inherited) @executable_path/Frameworks @loader_path/Frameworks";
				PRODUCT_BUNDLE_IDENTIFIER = com.podul.CalculatorDemoUITests;
				PRODUCT_NAME = "$(TARGET_NAME)";
				TARGETED_DEVICE_FAMILY = "1,2";
				TEST_TARGET_NAME = CalculatorDemo;
			};
			name = Release;
		};
/* End XCBuildConfiguration section */

/* Begin XCConfigurationList section */
		786674CB200364780066AB1D /* Build configuration list for PBXProject "CalculatorDemo" */ = {
			isa = XCConfigurationList;
			buildConfigurations = (
				786674FA200364780066AB1D /* Debug */,
				786674FB200364780066AB1D /* Release */,
			);
			defaultConfigurationIsVisible = 0;
			defaultConfigurationName = Release;
		};
		786674FC200364780066AB1D /* Build configuration list for PBXNativeTarget "CalculatorDemo" */ = {
			isa = XCConfigurationList;
			buildConfigurations = (
				786674FD200364780066AB1D /* Debug */,
				786674FE200364780066AB1D /* Release */,
			);
			defaultConfigurationIsVisible = 0;
			defaultConfigurationName = Release;
		};
		786674FF200364780066AB1D /* Build configuration list for PBXNativeTarget "CalculatorDemoTests" */ = {
			isa = XCConfigurationList;
			buildConfigurations = (
				78667500200364780066AB1D /* Debug */,
				78667501200364780066AB1D /* Release */,
			);
			defaultConfigurationIsVisible = 0;
			defaultConfigurationName = Release;
		};
		78667502200364780066AB1D /* Build configuration list for PBXNativeTarget "CalculatorDemoUITests" */ = {
			isa = XCConfigurationList;
			buildConfigurations = (
				78667503200364780066AB1D /* Debug */,
				78667504200364780066AB1D /* Release */,
			);
			defaultConfigurationIsVisible = 0;
			defaultConfigurationName = Release;
		};
/* End XCConfigurationList section */
	};
	rootObject = 786674C8200364780066AB1D /* Project object */;
}
